
Microsoft Visual Studio Solution File, Format Version 12.00
# Visual Studio Version 16
VisualStudioVersion = 16.0.29306.81
MinimumVisualStudioVersion = 10.0.40219.1
Project("{9A19103F-16F7-4668-BE54-9A1E7A4F7556}") = "TSync", "TSync\TSync.csproj", "{B6351533-6FE3-406A-B756-D3B681812E8E}"
EndProject
Project("{9A19103F-16F7-4668-BE54-9A1E7A4F7556}") = "TableSync", "TableSync\TableSync.csproj", "{63C7224E-B73C-4094-9CF9-9B5883E3AB75}"
EndProject
Project("{2150E333-8FDC-42A3-9474-1A3956D46DE8}") = "Solution Items", "Solution Items", "{AFA898EF-18B9-404F-AF2E-945F088661A5}"
	ProjectSection(SolutionItems) = preProject
		LICENSE.md = LICENSE.md
		README.md = README.md
	EndProjectSection
EndProject
Project("{9A19103F-16F7-4668-BE54-9A1E7A4F7556}") = "TableSync.Samples", "TableSync.Samples\TableSync.Samples.csproj", "{D862C933-1B63-4FBF-B45A-639C5F0BC130}"
EndProject
Global
	GlobalSection(SolutionConfigurationPlatforms) = preSolution
		Debug|Any CPU = Debug|Any CPU
		Release|Any CPU = Release|Any CPU
	EndGlobalSection
	GlobalSection(ProjectConfigurationPlatforms) = postSolution
		{B6351533-6FE3-406A-B756-D3B681812E8E}.Debug|Any CPU.ActiveCfg = Debug|Any CPU
		{B6351533-6FE3-406A-B756-D3B681812E8E}.Debug|Any CPU.Build.0 = Debug|Any CPU
		{B6351533-6FE3-406A-B756-D3B681812E8E}.Release|Any CPU.ActiveCfg = Release|Any CPU
		{B6351533-6FE3-406A-B756-D3B681812E8E}.Release|Any CPU.Build.0 = Release|Any CPU
		{63C7224E-B73C-4094-9CF9-9B5883E3AB75}.Debug|Any CPU.ActiveCfg = Debug|Any CPU
		{63C7224E-B73C-4094-9CF9-9B5883E3AB75}.Debug|Any CPU.Build.0 = Debug|Any CPU
		{63C7224E-B73C-4094-9CF9-9B5883E3AB75}.Release|Any CPU.ActiveCfg = Release|Any CPU
		{63C7224E-B73C-4094-9CF9-9B5883E3AB75}.Release|Any CPU.Build.0 = Release|Any CPU
		{D862C933-1B63-4FBF-B45A-639C5F0BC130}.Debug|Any CPU.ActiveCfg = Debug|Any CPU
		{D862C933-1B63-4FBF-B45A-639C5F0BC130}.Debug|Any CPU.Build.0 = Debug|Any CPU
		{D862C933-1B63-4FBF-B45A-639C5F0BC130}.Release|Any CPU.ActiveCfg = Release|Any CPU
		{D862C933-1B63-4FBF-B45A-639C5F0BC130}.Release|Any CPU.Build.0 = Release|Any CPU
	EndGlobalSection
	GlobalSection(SolutionProperties) = preSolution
		HideSolutionNode = FALSE
	EndGlobalSection
	GlobalSection(ExtensibilityGlobals) = postSolution
		SolutionGuid = {9B9B5E9A-62DA-4045-98E0-C01FC4153161}
	EndGlobalSection
EndGlobal
